
Microsoft Visual Studio Solution File, Format Version 12.00
# Visual Studio Version 16
VisualStudioVersion = 16.0.30114.105
MinimumVisualStudioVersion = 10.0.40219.1
Project("{FAE04EC0-301F-11D3-BF4B-00C04F79EFBC}") = "AutoMod", "AutoMod\AutoMod.csproj", "{96AFF359-30C4-4477-B377-36CE31FDA5A1}"
EndProject
Project("{54435603-DBB4-11D2-8724-00A0C9A8B90C}") = "AutoMod Setup", "AutoMod Setup\AutoMod Setup.vdproj", "{017E3588-B8BF-4896-9A3A-A6AEDBEF8286}"
EndProject
Global
	GlobalSection(SolutionConfigurationPlatforms) = preSolution
		Debug|Any CPU = Debug|Any CPU
		Release|Any CPU = Release|Any CPU
	EndGlobalSection
	GlobalSection(ProjectConfigurationPlatforms) = postSolution
		{96AFF359-30C4-4477-B377-36CE31FDA5A1}.Debug|Any CPU.ActiveCfg = Debug|Any CPU
		{96AFF359-30C4-4477-B377-36CE31FDA5A1}.Debug|Any CPU.Build.0 = Debug|Any CPU
		{96AFF359-30C4-4477-B377-36CE31FDA5A1}.Release|Any CPU.ActiveCfg = Release|Any CPU
		{96AFF359-30C4-4477-B377-36CE31FDA5A1}.Release|Any CPU.Build.0 = Release|Any CPU
		{017E3588-B8BF-4896-9A3A-A6AEDBEF8286}.Debug|Any CPU.ActiveCfg = Debug
		{017E3588-B8BF-4896-9A3A-A6AEDBEF8286}.Release|Any CPU.ActiveCfg = Release
	EndGlobalSection
	GlobalSection(SolutionProperties) = preSolution
		HideSolutionNode = FALSE
	EndGlobalSection
	GlobalSection(ExtensibilityGlobals) = postSolution
		SolutionGuid = {B2D4A71C-2DD2-4455-BD64-30492315D561}
	EndGlobalSection
EndGlobal
